// !$*UTF8*$!
{
	archiveVersion = 1;
	classes = {
	};
	objectVersion = 50;
	objects = {

/* Begin PBXBuildFile section */
		4C6437CD20CC4EAC00A3EA09 /* AppDelegate.swift in Sources */ = {isa = PBXBuildFile; fileRef = 4C6437CC20CC4EAC00A3EA09 /* AppDelegate.swift */; };
		4C6437CF20CC4EAC00A3EA09 /* ViewController.swift in Sources */ = {isa = PBXBuildFile; fileRef = 4C6437CE20CC4EAC00A3EA09 /* ViewController.swift */; };
		4C6437D120CC4EAF00A3EA09 /* Assets.xcassets in Resources */ = {isa = PBXBuildFile; fileRef = 4C6437D020CC4EAF00A3EA09 /* Assets.xcassets */; };
		4C6437D420CC4EAF00A3EA09 /* Main.storyboard in Resources */ = {isa = PBXBuildFile; fileRef = 4C6437D220CC4EAF00A3EA09 /* Main.storyboard */; };
		4C6437E020CC4EAF00A3EA09 /* PinyinFlashcardsTests.swift in Sources */ = {isa = PBXBuildFile; fileRef = 4C6437DF20CC4EAF00A3EA09 /* PinyinFlashcardsTests.swift */; };
		4C6437EB20CC4EAF00A3EA09 /* PinyinFlashcardsUITests.swift in Sources */ = {isa = PBXBuildFile; fileRef = 4C6437EA20CC4EAF00A3EA09 /* PinyinFlashcardsUITests.swift */; };
		4C6437FB20CC4F5300A3EA09 /* MainScreen.swift in Sources */ = {isa = PBXBuildFile; fileRef = 4C6437F820CC4F5200A3EA09 /* MainScreen.swift */; };
		4C6437FC20CC4F5300A3EA09 /* Flashcards.swift in Sources */ = {isa = PBXBuildFile; fileRef = 4C6437F920CC4F5200A3EA09 /* Flashcards.swift */; };
		4C6437FD20CC4F5300A3EA09 /* CSVPath.swift in Sources */ = {isa = PBXBuildFile; fileRef = 4C6437FA20CC4F5200A3EA09 /* CSVPath.swift */; };
		4C6437FF20CC4F5900A3EA09 /* SingletonCSV.swift in Sources */ = {isa = PBXBuildFile; fileRef = 4C6437FE20CC4F5900A3EA09 /* SingletonCSV.swift */; };
/* End PBXBuildFile section */

/* Begin PBXContainerItemProxy section */
		4C6437DC20CC4EAF00A3EA09 /* PBXContainerItemProxy */ = {
			isa = PBXContainerItemProxy;
			containerPortal = 4C6437C120CC4EAC00A3EA09 /* Project object */;
			proxyType = 1;
			remoteGlobalIDString = 4C6437C820CC4EAC00A3EA09;
			remoteInfo = PinyinFlashcards;
		};
		4C6437E720CC4EAF00A3EA09 /* PBXContainerItemProxy */ = {
			isa = PBXContainerItemProxy;
			containerPortal = 4C6437C120CC4EAC00A3EA09 /* Project object */;
			proxyType = 1;
			remoteGlobalIDString = 4C6437C820CC4EAC00A3EA09;
			remoteInfo = PinyinFlashcards;
		};
/* End PBXContainerItemProxy section */

/* Begin PBXFileReference section */
		4C6437C920CC4EAC00A3EA09 /* PinyinFlashcards.app */ = {isa = PBXFileReference; explicitFileType = wrapper.application; includeInIndex = 0; path = PinyinFlashcards.app; sourceTree = BUILT_PRODUCTS_DIR; };
		4C6437CC20CC4EAC00A3EA09 /* AppDelegate.swift */ = {isa = PBXFileReference; lastKnownFileType = sourcecode.swift; path = AppDelegate.swift; sourceTree = "<group>"; };
		4C6437CE20CC4EAC00A3EA09 /* ViewController.swift */ = {isa = PBXFileReference; lastKnownFileType = sourcecode.swift; path = ViewController.swift; sourceTree = "<group>"; };
		4C6437D020CC4EAF00A3EA09 /* Assets.xcassets */ = {isa = PBXFileReference; lastKnownFileType = folder.assetcatalog; path = Assets.xcassets; sourceTree = "<group>"; };
		4C6437D320CC4EAF00A3EA09 /* Base */ = {isa = PBXFileReference; lastKnownFileType = file.storyboard; name = Base; path = Base.lproj/Main.storyboard; sourceTree = "<group>"; };
		4C6437D520CC4EAF00A3EA09 /* Info.plist */ = {isa = PBXFileReference; lastKnownFileType = text.plist.xml; path = Info.plist; sourceTree = "<group>"; };
		4C6437D620CC4EAF00A3EA09 /* PinyinFlashcards.entitlements */ = {isa = PBXFileReference; lastKnownFileType = text.plist.entitlements; path = PinyinFlashcards.entitlements; sourceTree = "<group>"; };
		4C6437DB20CC4EAF00A3EA09 /* PinyinFlashcardsTests.xctest */ = {isa = PBXFileReference; explicitFileType = wrapper.cfbundle; includeInIndex = 0; path = PinyinFlashcardsTests.xctest; sourceTree = BUILT_PRODUCTS_DIR; };
		4C6437DF20CC4EAF00A3EA09 /* PinyinFlashcardsTests.swift */ = {isa = PBXFileReference; lastKnownFileType = sourcecode.swift; path = PinyinFlashcardsTests.swift; sourceTree = "<group>"; };
		4C6437E120CC4EAF00A3EA09 /* Info.plist */ = {isa = PBXFileReference; lastKnownFileType = text.plist.xml; path = Info.plist; sourceTree = "<group>"; };
		4C6437E620CC4EAF00A3EA09 /* PinyinFlashcardsUITests.xctest */ = {isa = PBXFileReference; explicitFileType = wrapper.cfbundle; includeInIndex = 0; path = PinyinFlashcardsUITests.xctest; sourceTree = BUILT_PRODUCTS_DIR; };
		4C6437EA20CC4EAF00A3EA09 /* PinyinFlashcardsUITests.swift */ = {isa = PBXFileReference; lastKnownFileType = sourcecode.swift; path = PinyinFlashcardsUITests.swift; sourceTree = "<group>"; };
		4C6437EC20CC4EAF00A3EA09 /* Info.plist */ = {isa = PBXFileReference; lastKnownFileType = text.plist.xml; path = Info.plist; sourceTree = "<group>"; };
		4C6437F820CC4F5200A3EA09 /* MainScreen.swift */ = {isa = PBXFileReference; fileEncoding = 4; lastKnownFileType = sourcecode.swift; path = MainScreen.swift; sourceTree = "<group>"; };
		4C6437F920CC4F5200A3EA09 /* Flashcards.swift */ = {isa = PBXFileReference; fileEncoding = 4; lastKnownFileType = sourcecode.swift; path = Flashcards.swift; sourceTree = "<group>"; };
		4C6437FA20CC4F5200A3EA09 /* CSVPath.swift */ = {isa = PBXFileReference; fileEncoding = 4; lastKnownFileType = sourcecode.swift; path = CSVPath.swift; sourceTree = "<group>"; };
		4C6437FE20CC4F5900A3EA09 /* SingletonCSV.swift */ = {isa = PBXFileReference; fileEncoding = 4; lastKnownFileType = sourcecode.swift; path = SingletonCSV.swift; sourceTree = "<group>"; };
/* End PBXFileReference section */

/* Begin PBXFrameworksBuildPhase section */
		4C6437C620CC4EAC00A3EA09 /* Frameworks */ = {
			isa = PBXFrameworksBuildPhase;
			buildActionMask = 2147483647;
			files = (
			);
			runOnlyForDeploymentPostprocessing = 0;
		};
		4C6437D820CC4EAF00A3EA09 /* Frameworks */ = {
			isa = PBXFrameworksBuildPhase;
			buildActionMask = 2147483647;
			files = (
			);
			runOnlyForDeploymentPostprocessing = 0;
		};
		4C6437E320CC4EAF00A3EA09 /* Frameworks */ = {
			isa = PBXFrameworksBuildPhase;
			buildActionMask = 2147483647;
			files = (
			);
			runOnlyForDeploymentPostprocessing = 0;
		};
/* End PBXFrameworksBuildPhase section */

/* Begin PBXGroup section */
		4C6437C020CC4EAC00A3EA09 = {
			isa = PBXGroup;
			children = (
				4C6437CB20CC4EAC00A3EA09 /* PinyinFlashcards */,
				4C6437DE20CC4EAF00A3EA09 /* PinyinFlashcardsTests */,
				4C6437E920CC4EAF00A3EA09 /* PinyinFlashcardsUITests */,
				4C6437CA20CC4EAC00A3EA09 /* Products */,
			);
			sourceTree = "<group>";
		};
		4C6437CA20CC4EAC00A3EA09 /* Products */ = {
			isa = PBXGroup;
			children = (
				4C6437C920CC4EAC00A3EA09 /* PinyinFlashcards.app */,
				4C6437DB20CC4EAF00A3EA09 /* PinyinFlashcardsTests.xctest */,
				4C6437E620CC4EAF00A3EA09 /* PinyinFlashcardsUITests.xctest */,
			);
			name = Products;
			sourceTree = "<group>";
		};
		4C6437CB20CC4EAC00A3EA09 /* PinyinFlashcards */ = {
			isa = PBXGroup;
			children = (
				4C6437CC20CC4EAC00A3EA09 /* AppDelegate.swift */,
				4C6437CE20CC4EAC00A3EA09 /* ViewController.swift */,
				4C6437FE20CC4F5900A3EA09 /* SingletonCSV.swift */,
				4C6437FA20CC4F5200A3EA09 /* CSVPath.swift */,
				4C6437F920CC4F5200A3EA09 /* Flashcards.swift */,
				4C6437F820CC4F5200A3EA09 /* MainScreen.swift */,
				4C6437D020CC4EAF00A3EA09 /* Assets.xcassets */,
				4C6437D220CC4EAF00A3EA09 /* Main.storyboard */,
				4C6437D520CC4EAF00A3EA09 /* Info.plist */,
				4C6437D620CC4EAF00A3EA09 /* PinyinFlashcards.entitlements */,
			);
			path = PinyinFlashcards;
			sourceTree = "<group>";
		};
		4C6437DE20CC4EAF00A3EA09 /* PinyinFlashcardsTests */ = {
			isa = PBXGroup;
			children = (
				4C6437DF20CC4EAF00A3EA09 /* PinyinFlashcardsTests.swift */,
				4C6437E120CC4EAF00A3EA09 /* Info.plist */,
			);
			path = PinyinFlashcardsTests;
			sourceTree = "<group>";
		};
		4C6437E920CC4EAF00A3EA09 /* PinyinFlashcardsUITests */ = {
			isa = PBXGroup;
			children = (
				4C6437EA20CC4EAF00A3EA09 /* PinyinFlashcardsUITests.swift */,
				4C6437EC20CC4EAF00A3EA09 /* Info.plist */,
			);
			path = PinyinFlashcardsUITests;
			sourceTree = "<group>";
		};
/* End PBXGroup section */

/* Begin PBXNativeTarget section */
		4C6437C820CC4EAC00A3EA09 /* PinyinFlashcards */ = {
			isa = PBXNativeTarget;
			buildConfigurationList = 4C6437EF20CC4EAF00A3EA09 /* Build configuration list for PBXNativeTarget "PinyinFlashcards" */;
			buildPhases = (
				4C6437C520CC4EAC00A3EA09 /* Sources */,
				4C6437C620CC4EAC00A3EA09 /* Frameworks */,
				4C6437C720CC4EAC00A3EA09 /* Resources */,
			);
			buildRules = (
			);
			dependencies = (
			);
			name = PinyinFlashcards;
			productName = PinyinFlashcards;
			productReference = 4C6437C920CC4EAC00A3EA09 /* PinyinFlashcards.app */;
			productType = "com.apple.product-type.application";
		};
		4C6437DA20CC4EAF00A3EA09 /* PinyinFlashcardsTests */ = {
			isa = PBXNativeTarget;
			buildConfigurationList = 4C6437F220CC4EAF00A3EA09 /* Build configuration list for PBXNativeTarget "PinyinFlashcardsTests" */;
			buildPhases = (
				4C6437D720CC4EAF00A3EA09 /* Sources */,
				4C6437D820CC4EAF00A3EA09 /* Frameworks */,
				4C6437D920CC4EAF00A3EA09 /* Resources */,
			);
			buildRules = (
			);
			dependencies = (
				4C6437DD20CC4EAF00A3EA09 /* PBXTargetDependency */,
			);
			name = PinyinFlashcardsTests;
			productName = PinyinFlashcardsTests;
			productReference = 4C6437DB20CC4EAF00A3EA09 /* PinyinFlashcardsTests.xctest */;
			productType = "com.apple.product-type.bundle.unit-test";
		};
		4C6437E520CC4EAF00A3EA09 /* PinyinFlashcardsUITests */ = {
			isa = PBXNativeTarget;
			buildConfigurationList = 4C6437F520CC4EAF00A3EA09 /* Build configuration list for PBXNativeTarget "PinyinFlashcardsUITests" */;
			buildPhases = (
				4C6437E220CC4EAF00A3EA09 /* Sources */,
				4C6437E320CC4EAF00A3EA09 /* Frameworks */,
				4C6437E420CC4EAF00A3EA09 /* Resources */,
			);
			buildRules = (
			);
			dependencies = (
				4C6437E820CC4EAF00A3EA09 /* PBXTargetDependency */,
			);
			name = PinyinFlashcardsUITests;
			productName = PinyinFlashcardsUITests;
			productReference = 4C6437E620CC4EAF00A3EA09 /* PinyinFlashcardsUITests.xctest */;
			productType = "com.apple.product-type.bundle.ui-testing";
		};
/* End PBXNativeTarget section */

/* Begin PBXProject section */
		4C6437C120CC4EAC00A3EA09 /* Project object */ = {
			isa = PBXProject;
			attributes = {
				LastSwiftUpdateCheck = 0940;
				LastUpgradeCheck = 0940;
				ORGANIZATIONNAME = "Michael Norris";
				TargetAttributes = {
					4C6437C820CC4EAC00A3EA09 = {
						CreatedOnToolsVersion = 9.4;
					};
					4C6437DA20CC4EAF00A3EA09 = {
						CreatedOnToolsVersion = 9.4;
						TestTargetID = 4C6437C820CC4EAC00A3EA09;
					};
					4C6437E520CC4EAF00A3EA09 = {
						CreatedOnToolsVersion = 9.4;
						TestTargetID = 4C6437C820CC4EAC00A3EA09;
					};
				};
			};
			buildConfigurationList = 4C6437C420CC4EAC00A3EA09 /* Build configuration list for PBXProject "PinyinFlashcards" */;
			compatibilityVersion = "Xcode 9.3";
			developmentRegion = en;
			hasScannedForEncodings = 0;
			knownRegions = (
				en,
				Base,
			);
			mainGroup = 4C6437C020CC4EAC00A3EA09;
			productRefGroup = 4C6437CA20CC4EAC00A3EA09 /* Products */;
			projectDirPath = "";
			projectRoot = "";
			targets = (
				4C6437C820CC4EAC00A3EA09 /* PinyinFlashcards */,
				4C6437DA20CC4EAF00A3EA09 /* PinyinFlashcardsTests */,
				4C6437E520CC4EAF00A3EA09 /* PinyinFlashcardsUITests */,
			);
		};
/* End PBXProject section */

/* Begin PBXResourcesBuildPhase section */
		4C6437C720CC4EAC00A3EA09 /* Resources */ = {
			isa = PBXResourcesBuildPhase;
			buildActionMask = 2147483647;
			files = (
				4C6437D120CC4EAF00A3EA09 /* Assets.xcassets in Resources */,
				4C6437D420CC4EAF00A3EA09 /* Main.storyboard in Resources */,
			);
			runOnlyForDeploymentPostprocessing = 0;
		};
		4C6437D920CC4EAF00A3EA09 /* Resources */ = {
			isa = PBXResourcesBuildPhase;
			buildActionMask = 2147483647;
			files = (
			);
			runOnlyForDeploymentPostprocessing = 0;
		};
		4C6437E420CC4EAF00A3EA09 /* Resources */ = {
			isa = PBXResourcesBuildPhase;
			buildActionMask = 2147483647;
			files = (
			);
			runOnlyForDeploymentPostprocessing = 0;
		};
/* End PBXResourcesBuildPhase section */

/* Begin PBXSourcesBuildPhase section */
		4C6437C520CC4EAC00A3EA09 /* Sources */ = {
			isa = PBXSourcesBuildPhase;
			buildActionMask = 2147483647;
			files = (
				4C6437FB20CC4F5300A3EA09 /* MainScreen.swift in Sources */,
				4C6437CF20CC4EAC00A3EA09 /* ViewController.swift in Sources */,
				4C6437FF20CC4F5900A3EA09 /* SingletonCSV.swift in Sources */,
				4C6437FC20CC4F5300A3EA09 /* Flashcards.swift in Sources */,
				4C6437FD20CC4F5300A3EA09 /* CSVPath.swift in Sources */,
				4C6437CD20CC4EAC00A3EA09 /* AppDelegate.swift in Sources */,
			);
			runOnlyForDeploymentPostprocessing = 0;
		};
		4C6437D720CC4EAF00A3EA09 /* Sources */ = {
			isa = PBXSourcesBuildPhase;
			buildActionMask = 2147483647;
			files = (
				4C6437E020CC4EAF00A3EA09 /* PinyinFlashcardsTests.swift in Sources */,
			);
			runOnlyForDeploymentPostprocessing = 0;
		};
		4C6437E220CC4EAF00A3EA09 /* Sources */ = {
			isa = PBXSourcesBuildPhase;
			buildActionMask = 2147483647;
			files = (
				4C6437EB20CC4EAF00A3EA09 /* PinyinFlashcardsUITests.swift in Sources */,
			);
			runOnlyForDeploymentPostprocessing = 0;
		};
/* End PBXSourcesBuildPhase section */

/* Begin PBXTargetDependency section */
		4C6437DD20CC4EAF00A3EA09 /* PBXTargetDependency */ = {
			isa = PBXTargetDependency;
			target = 4C6437C820CC4EAC00A3EA09 /* PinyinFlashcards */;
			targetProxy = 4C6437DC20CC4EAF00A3EA09 /* PBXContainerItemProxy */;
		};
		4C6437E820CC4EAF00A3EA09 /* PBXTargetDependency */ = {
			isa = PBXTargetDependency;
			target = 4C6437C820CC4EAC00A3EA09 /* PinyinFlashcards */;
			targetProxy = 4C6437E720CC4EAF00A3EA09 /* PBXContainerItemProxy */;
		};
/* End PBXTargetDependency section */

/* Begin PBXVariantGroup section */
		4C6437D220CC4EAF00A3EA09 /* Main.storyboard */ = {
			isa = PBXVariantGroup;
			children = (
				4C6437D320CC4EAF00A3EA09 /* Base */,
			);
			name = Main.storyboard;
			sourceTree = "<group>";
		};
/* End PBXVariantGroup section */

/* Begin XCBuildConfiguration section */
		4C6437ED20CC4EAF00A3EA09 /* Debug */ = {
			isa = XCBuildConfiguration;
			buildSettings = {
				ALWAYS_SEARCH_USER_PATHS = NO;
				CLANG_ANALYZER_NONNULL = YES;
				CLANG_ANALYZER_NUMBER_OBJECT_CONVERSION = YES_AGGRESSIVE;
				CLANG_CXX_LANGUAGE_STANDARD = "gnu++14";
				CLANG_CXX_LIBRARY = "libc++";
				CLANG_ENABLE_MODULES = YES;
				CLANG_ENABLE_OBJC_ARC = YES;
				CLANG_ENABLE_OBJC_WEAK = YES;
				CLANG_WARN_BLOCK_CAPTURE_AUTORELEASING = YES;
				CLANG_WARN_BOOL_CONVERSION = YES;
				CLANG_WARN_COMMA = YES;
				CLANG_WARN_CONSTANT_CONVERSION = YES;
				CLANG_WARN_DEPRECATED_OBJC_IMPLEMENTATIONS = YES;
				CLANG_WARN_DIRECT_OBJC_ISA_USAGE = YES_ERROR;
				CLANG_WARN_DOCUMENTATION_COMMENTS = YES;
				CLANG_WARN_EMPTY_BODY = YES;
				CLANG_WARN_ENUM_CONVERSION = YES;
				CLANG_WARN_INFINITE_RECURSION = YES;
				CLANG_WARN_INT_CONVERSION = YES;
				CLANG_WARN_NON_LITERAL_NULL_CONVERSION = YES;
				CLANG_WARN_OBJC_IMPLICIT_RETAIN_SELF = YES;
				CLANG_WARN_OBJC_LITERAL_CONVERSION = YES;
				CLANG_WARN_OBJC_ROOT_CLASS = YES_ERROR;
				CLANG_WARN_RANGE_LOOP_ANALYSIS = YES;
				CLANG_WARN_STRICT_PROTOTYPES = YES;
				CLANG_WARN_SUSPICIOUS_MOVE = YES;
				CLANG_WARN_UNGUARDED_AVAILABILITY = YES_AGGRESSIVE;
				CLANG_WARN_UNREACHABLE_CODE = YES;
				CLANG_WARN__DUPLICATE_METHOD_MATCH = YES;
				CODE_SIGN_IDENTITY = "-";
				COPY_PHASE_STRIP = NO;
				DEBUG_INFORMATION_FORMAT = dwarf;
				ENABLE_STRICT_OBJC_MSGSEND = YES;
				ENABLE_TESTABILITY = YES;
				GCC_C_LANGUAGE_STANDARD = gnu11;
				GCC_DYNAMIC_NO_PIC = NO;
				GCC_NO_COMMON_BLOCKS = YES;
				GCC_OPTIMIZATION_LEVEL = 0;
				GCC_PREPROCESSOR_DEFINITIONS = (
					"DEBUG=1",
					"$(inherited)",
				);
				GCC_WARN_64_TO_32_BIT_CONVERSION = YES;
				GCC_WARN_ABOUT_RETURN_TYPE = YES_ERROR;
				GCC_WARN_UNDECLARED_SELECTOR = YES;
				GCC_WARN_UNINITIALIZED_AUTOS = YES_AGGRESSIVE;
				GCC_WARN_UNUSED_FUNCTION = YES;
				GCC_WARN_UNUSED_VARIABLE = YES;
				MACOSX_DEPLOYMENT_TARGET = 10.13;
				MTL_ENABLE_DEBUG_INFO = YES;
				ONLY_ACTIVE_ARCH = YES;
				SDKROOT = macosx;
				SWIFT_ACTIVE_COMPILATION_CONDITIONS = DEBUG;
				SWIFT_OPTIMIZATION_LEVEL = "-Onone";
			};
			name = Debug;
		};
		4C6437EE20CC4EAF00A3EA09 /* Release */ = {
			isa = XCBuildConfiguration;
			buildSettings = {
				ALWAYS_SEARCH_USER_PATHS = NO;
				CLANG_ANALYZER_NONNULL = YES;
				CLANG_ANALYZER_NUMBER_OBJECT_CONVERSION = YES_AGGRESSIVE;
				CLANG_CXX_LANGUAGE_STANDARD = "gnu++14";
				CLANG_CXX_LIBRARY = "libc++";
				CLANG_ENABLE_MODULES = YES;
				CLANG_ENABLE_OBJC_ARC = YES;
				CLANG_ENABLE_OBJC_WEAK = YES;
				CLANG_WARN_BLOCK_CAPTURE_AUTORELEASING = YES;
				CLANG_WARN_BOOL_CONVERSION = YES;
				CLANG_WARN_COMMA = YES;
				CLANG_WARN_CONSTANT_CONVERSION = YES;
				CLANG_WARN_DEPRECATED_OBJC_IMPLEMENTATIONS = YES;
				CLANG_WARN_DIRECT_OBJC_ISA_USAGE = YES_ERROR;
				CLANG_WARN_DOCUMENTATION_COMMENTS = YES;
				CLANG_WARN_EMPTY_BODY = YES;
				CLANG_WARN_ENUM_CONVERSION = YES;
				CLANG_WARN_INFINITE_RECURSION = YES;
				CLANG_WARN_INT_CONVERSION = YES;
				CLANG_WARN_NON_LITERAL_NULL_CONVERSION = YES;
				CLANG_WARN_OBJC_IMPLICIT_RETAIN_SELF = YES;
				CLANG_WARN_OBJC_LITERAL_CONVERSION = YES;
				CLANG_WARN_OBJC_ROOT_CLASS = YES_ERROR;
				CLANG_WARN_RANGE_LOOP_ANALYSIS = YES;
				CLANG_WARN_STRICT_PROTOTYPES = YES;
				CLANG_WARN_SUSPICIOUS_MOVE = YES;
				CLANG_WARN_UNGUARDED_AVAILABILITY = YES_AGGRESSIVE;
				CLANG_WARN_UNREACHABLE_CODE = YES;
				CLANG_WARN__DUPLICATE_METHOD_MATCH = YES;
				CODE_SIGN_IDENTITY = "-";
				COPY_PHASE_STRIP = NO;
				DEBUG_INFORMATION_FORMAT = "dwarf-with-dsym";
				ENABLE_NS_ASSERTIONS = NO;
				ENABLE_STRICT_OBJC_MSGSEND = YES;
				GCC_C_LANGUAGE_STANDARD = gnu11;
				GCC_NO_COMMON_BLOCKS = YES;
				GCC_WARN_64_TO_32_BIT_CONVERSION = YES;
				GCC_WARN_ABOUT_RETURN_TYPE = YES_ERROR;
				GCC_WARN_UNDECLARED_SELECTOR = YES;
				GCC_WARN_UNINITIALIZED_AUTOS = YES_AGGRESSIVE;
				GCC_WARN_UNUSED_FUNCTION = YES;
				GCC_WARN_UNUSED_VARIABLE = YES;
				MACOSX_DEPLOYMENT_TARGET = 10.13;
				MTL_ENABLE_DEBUG_INFO = NO;
				SDKROOT = macosx;
				SWIFT_COMPILATION_MODE = wholemodule;
				SWIFT_OPTIMIZATION_LEVEL = "-O";
			};
			name = Release;
		};
		4C6437F020CC4EAF00A3EA09 /* Debug */ = {
			isa = XCBuildConfiguration;
			buildSettings = {
				ASSETCATALOG_COMPILER_APPICON_NAME = AppIcon;
				CODE_SIGN_ENTITLEMENTS = PinyinFlashcards/PinyinFlashcards.entitlements;
				CODE_SIGN_STYLE = Automatic;
				COMBINE_HIDPI_IMAGES = YES;
				INFOPLIST_FILE = PinyinFlashcards/Info.plist;
				LD_RUNPATH_SEARCH_PATHS = (
					"$(inherited)",
					"@executable_path/../Frameworks",
				);
				PRODUCT_BUNDLE_IDENTIFIER = Temp.PinyinFlashcards;
				PRODUCT_NAME = "$(TARGET_NAME)";
				SWIFT_VERSION = 4.0;
			};
			name = Debug;
		};
		4C6437F120CC4EAF00A3EA09 /* Release */ = {
			isa = XCBuildConfiguration;
			buildSettings = {
				ASSETCATALOG_COMPILER_APPICON_NAME = AppIcon;
				CODE_SIGN_ENTITLEMENTS = PinyinFlashcards/PinyinFlashcards.entitlements;
				CODE_SIGN_STYLE = Automatic;
				COMBINE_HIDPI_IMAGES = YES;
				INFOPLIST_FILE = PinyinFlashcards/Info.plist;
				LD_RUNPATH_SEARCH_PATHS = (
					"$(inherited)",
					"@executable_path/../Frameworks",
				);
				PRODUCT_BUNDLE_IDENTIFIER = Temp.PinyinFlashcards;
				PRODUCT_NAME = "$(TARGET_NAME)";
				SWIFT_VERSION = 4.0;
			};
			name = Release;
		};
		4C6437F320CC4EAF00A3EA09 /* Debug */ = {
			isa = XCBuildConfiguration;
			buildSettings = {
				ALWAYS_EMBED_SWIFT_STANDARD_LIBRARIES = YES;
				BUNDLE_LOADER = "$(TEST_HOST)";
				CODE_SIGN_STYLE = Automatic;
				COMBINE_HIDPI_IMAGES = YES;
				INFOPLIST_FILE = PinyinFlashcardsTests/Info.plist;
				LD_RUNPATH_SEARCH_PATHS = (
					"$(inherited)",
					"@executable_path/../Frameworks",
					"@loader_path/../Frameworks",
				);
				PRODUCT_BUNDLE_IDENTIFIER = Temp.PinyinFlashcardsTests;
				PRODUCT_NAME = "$(TARGET_NAME)";
				SWIFT_VERSION = 4.0;
				TEST_HOST = "$(BUILT_PRODUCTS_DIR)/PinyinFlashcards.app/Contents/MacOS/PinyinFlashcards";
			};
			name = Debug;
		};
		4C6437F420CC4EAF00A3EA09 /* Release */ = {
			isa = XCBuildConfiguration;
			buildSettings = {
				ALWAYS_EMBED_SWIFT_STANDARD_LIBRARIES = YES;
				BUNDLE_LOADER = "$(TEST_HOST)";
				CODE_SIGN_STYLE = Automatic;
				COMBINE_HIDPI_IMAGES = YES;
				INFOPLIST_FILE = PinyinFlashcardsTests/Info.plist;
				LD_RUNPATH_SEARCH_PATHS = (
					"$(inherited)",
					"@executable_path/../Frameworks",
					"@loader_path/../Frameworks",
				);
				PRODUCT_BUNDLE_IDENTIFIER = Temp.PinyinFlashcardsTests;
				PRODUCT_NAME = "$(TARGET_NAME)";
				SWIFT_VERSION = 4.0;
				TEST_HOST = "$(BUILT_PRODUCTS_DIR)/PinyinFlashcards.app/Contents/MacOS/PinyinFlashcards";
			};
			name = Release;
		};
		4C6437F620CC4EAF00A3EA09 /* Debug */ = {
			isa = XCBuildConfiguration;
			buildSettings = {
				ALWAYS_EMBED_SWIFT_STANDARD_LIBRARIES = YES;
				CODE_SIGN_STYLE = Automatic;
				COMBINE_HIDPI_IMAGES = YES;
				INFOPLIST_FILE = PinyinFlashcardsUITests/Info.plist;
				LD_RUNPATH_SEARCH_PATHS = (
					"$(inherited)",
					"@executable_path/../Frameworks",
					"@loader_path/../Frameworks",
				);
				PRODUCT_BUNDLE_IDENTIFIER = Temp.PinyinFlashcardsUITests;
				PRODUCT_NAME = "$(TARGET_NAME)";
				SWIFT_VERSION = 4.0;
				TEST_TARGET_NAME = PinyinFlashcards;
			};
			name = Debug;
		};
		4C6437F720CC4EAF00A3EA09 /* Release */ = {
			isa = XCBuildConfiguration;
			buildSettings = {
				ALWAYS_EMBED_SWIFT_STANDARD_LIBRARIES = YES;
				CODE_SIGN_STYLE = Automatic;
				COMBINE_HIDPI_IMAGES = YES;
				INFOPLIST_FILE = PinyinFlashcardsUITests/Info.plist;
				LD_RUNPATH_SEARCH_PATHS = (
					"$(inherited)",
					"@executable_path/../Frameworks",
					"@loader_path/../Frameworks",
				);
				PRODUCT_BUNDLE_IDENTIFIER = Temp.PinyinFlashcardsUITests;
				PRODUCT_NAME = "$(TARGET_NAME)";
				SWIFT_VERSION = 4.0;
				TEST_TARGET_NAME = PinyinFlashcards;
			};
			name = Release;
		};
/* End XCBuildConfiguration section */

/* Begin XCConfigurationList section */
		4C6437C420CC4EAC00A3EA09 /* Build configuration list for PBXProject "PinyinFlashcards" */ = {
			isa = XCConfigurationList;
			buildConfigurations = (
				4C6437ED20CC4EAF00A3EA09 /* Debug */,
				4C6437EE20CC4EAF00A3EA09 /* Release */,
			);
			defaultConfigurationIsVisible = 0;
			defaultConfigurationName = Release;
		};
		4C6437EF20CC4EAF00A3EA09 /* Build configuration list for PBXNativeTarget "PinyinFlashcards" */ = {
			isa = XCConfigurationList;
			buildConfigurations = (
				4C6437F020CC4EAF00A3EA09 /* Debug */,
				4C6437F120CC4EAF00A3EA09 /* Release */,
			);
			defaultConfigurationIsVisible = 0;
			defaultConfigurationName = Release;
		};
		4C6437F220CC4EAF00A3EA09 /* Build configuration list for PBXNativeTarget "PinyinFlashcardsTests" */ = {
			isa = XCConfigurationList;
			buildConfigurations = (
				4C6437F320CC4EAF00A3EA09 /* Debug */,
				4C6437F420CC4EAF00A3EA09 /* Release */,
			);
			defaultConfigurationIsVisible = 0;
			defaultConfigurationName = Release;
		};
		4C6437F520CC4EAF00A3EA09 /* Build configuration list for PBXNativeTarget "PinyinFlashcardsUITests" */ = {
			isa = XCConfigurationList;
			buildConfigurations = (
				4C6437F620CC4EAF00A3EA09 /* Debug */,
				4C6437F720CC4EAF00A3EA09 /* Release */,
			);
			defaultConfigurationIsVisible = 0;
			defaultConfigurationName = Release;
		};
/* End XCConfigurationList section */
	};
	rootObject = 4C6437C120CC4EAC00A3EA09 /* Project object */;
}
